
Microsoft Visual Studio Solution File, Format Version 12.00
# Visual Studio 2017
Project("{FAE04EC0-301F-11D3-BF4B-00C04F79EFBC}") = "OriginIsUnreachable", "OriginIsUnreachable.csproj", "{2D38FCDE-106F-C4BB-A27B-042ED876DC51}"
EndProject
Project("{FAE04EC0-301F-11D3-BF4B-00C04F79EFBC}") = "OriginIsUnreachable.Editor", "OriginIsUnreachable.Editor.csproj", "{E529664A-D41D-886A-510E-CBC5F128782C}"
EndProject
Global
	GlobalSection(SolutionConfigurationPlatforms) = preSolution
		Debug|Any CPU = Debug|Any CPU
		Release|Any CPU = Release|Any CPU
	EndGlobalSection
	GlobalSection(ProjectConfigurationPlatforms) = postSolution
		{2D38FCDE-106F-C4BB-A27B-042ED876DC51}.Debug|Any CPU.ActiveCfg = Debug|Any CPU
		{2D38FCDE-106F-C4BB-A27B-042ED876DC51}.Debug|Any CPU.Build.0 = Debug|Any CPU
		{2D38FCDE-106F-C4BB-A27B-042ED876DC51}.Release|Any CPU.ActiveCfg = Release|Any CPU
		{2D38FCDE-106F-C4BB-A27B-042ED876DC51}.Release|Any CPU.Build.0 = Release|Any CPU
		{E529664A-D41D-886A-510E-CBC5F128782C}.Debug|Any CPU.ActiveCfg = Debug|Any CPU
		{E529664A-D41D-886A-510E-CBC5F128782C}.Debug|Any CPU.Build.0 = Debug|Any CPU
		{E529664A-D41D-886A-510E-CBC5F128782C}.Release|Any CPU.ActiveCfg = Release|Any CPU
		{E529664A-D41D-886A-510E-CBC5F128782C}.Release|Any CPU.Build.0 = Release|Any CPU
	EndGlobalSection
	GlobalSection(SolutionProperties) = preSolution
		HideSolutionNode = FALSE
	EndGlobalSection
EndGlobal
