
Microsoft Visual Studio Solution File, Format Version 12.00
# Visual Studio 2017
Project("{FAE04EC0-301F-11D3-BF4B-00C04F79EFBC}") = "Soutenance2", "Soutenance2.csproj", "{741669C4-7A18-A3C4-478E-53D692FEFDBE}"
EndProject
Project("{FAE04EC0-301F-11D3-BF4B-00C04F79EFBC}") = "Soutenance2.Editor", "Soutenance2.Editor.csproj", "{90071000-8A5C-61C8-C754-D6755FA14920}"
EndProject
Global
	GlobalSection(SolutionConfigurationPlatforms) = preSolution
		Debug|Any CPU = Debug|Any CPU
		Release|Any CPU = Release|Any CPU
	EndGlobalSection
	GlobalSection(ProjectConfigurationPlatforms) = postSolution
		{741669C4-7A18-A3C4-478E-53D692FEFDBE}.Debug|Any CPU.ActiveCfg = Debug|Any CPU
		{741669C4-7A18-A3C4-478E-53D692FEFDBE}.Debug|Any CPU.Build.0 = Debug|Any CPU
		{741669C4-7A18-A3C4-478E-53D692FEFDBE}.Release|Any CPU.ActiveCfg = Release|Any CPU
		{741669C4-7A18-A3C4-478E-53D692FEFDBE}.Release|Any CPU.Build.0 = Release|Any CPU
		{90071000-8A5C-61C8-C754-D6755FA14920}.Debug|Any CPU.ActiveCfg = Debug|Any CPU
		{90071000-8A5C-61C8-C754-D6755FA14920}.Debug|Any CPU.Build.0 = Debug|Any CPU
		{90071000-8A5C-61C8-C754-D6755FA14920}.Release|Any CPU.ActiveCfg = Release|Any CPU
		{90071000-8A5C-61C8-C754-D6755FA14920}.Release|Any CPU.Build.0 = Release|Any CPU
	EndGlobalSection
	GlobalSection(SolutionProperties) = preSolution
		HideSolutionNode = FALSE
	EndGlobalSection
EndGlobal
